PODS:
  - ResplendentUtilities (0.5.5)
  - RIRImageResizing (0.1.1)
  - RTSMTableSectionManager (0.1.10):
    - ResplendentUtilities (~> 0.5.4)

DEPENDENCIES:
  - RIRImageResizing (from `../`)
  - RTSMTableSectionManager

SPEC REPOS:
  https://github.com/cocoapods/specs.git:
    - ResplendentUtilities
    - RTSMTableSectionManager

EXTERNAL SOURCES:
  RIRImageResizing:
    :path: "../"

SPEC CHECKSUMS:
  ResplendentUtilities: c832d1a4a801951cb34b5b93e7acd018d3666274
  RIRImageResizing: e09e083a5a87b3838f529f1e4c2341af441b975a
  RTSMTableSectionManager: 84569dfa25fb04a8785668e7a37c4e082d015456

PODFILE CHECKSUM: beeb00b5cd36a673f9306e1acb88f1a8ad69e8a4

COCOAPODS: 1.6.1
