PODS:
  - RIRImageResizing (0.1.0)

DEPENDENCIES:
  - RIRImageResizing (from `../`)

EXTERNAL SOURCES:
  RIRImageResizing:
    :path: "../"

SPEC CHECKSUMS:
  RIRImageResizing: 8b80efbdaf90a1149d3c86d492122add89831347

PODFILE CHECKSUM: e389e7e79fd6d937d9d568555be1d7c19cdd75ea

COCOAPODS: 1.1.0.rc.3
