PODS:
  - ResplendentUtilities (0.5.0)
  - RIRImageResizing (0.1.0):
    - ResplendentUtilities (~> 0.5.0)
  - RTSMTableSectionManager (0.1.8):
    - ResplendentUtilities (~> 0.5.0)

DEPENDENCIES:
  - RIRImageResizing (from `../`)
  - RTSMTableSectionManager

EXTERNAL SOURCES:
  RIRImageResizing:
    :path: ../

SPEC CHECKSUMS:
  ResplendentUtilities: df8bb038d91568f9e82ee88ba5796d5d68014cdf
  RIRImageResizing: 3865ca1f291506b793de17eae8f67d36b7c7e280
  RTSMTableSectionManager: 0da0f9e521a00501edabcd72be8b045c9d920111

PODFILE CHECKSUM: 8db902a9134287679db454bb383de6d3ccfd336d

COCOAPODS: 1.1.1
